
Microsoft Visual Studio Solution File, Format Version 12.00
# Visual Studio Version 17
VisualStudioVersion = 17.8.34525.116
MinimumVisualStudioVersion = 10.0.40219.1
Project("{FAE04EC0-301F-11D3-BF4B-00C04F79EFBC}") = "EjercicioDeLaLavadora", "EjercicioDeLaLavadora\EjercicioDeLaLavadora.csproj", "{D37DE1F1-E947-4415-8D87-97978769EA63}"
EndProject
Project("{2150E333-8FDC-42A3-9474-1A3956D46DE8}") = "Elementos de la solución", "Elementos de la solución", "{45DE6CB2-84AF-4532-972C-B6E19322C307}"
	ProjectSection(SolutionItems) = preProject
		..\..\Users\LIZETH\Downloads\enjuague.wav = ..\..\Users\LIZETH\Downloads\enjuague.wav
		..\..\Users\LIZETH\Downloads\lavado.wav = ..\..\Users\LIZETH\Downloads\lavado.wav
		..\..\Users\LIZETH\Downloads\llenado.wav = ..\..\Users\LIZETH\Downloads\llenado.wav
		..\..\Users\LIZETH\Downloads\secado.wav = ..\..\Users\LIZETH\Downloads\secado.wav
		..\..\Users\LIZETH\Downloads\terminado.wav = ..\..\Users\LIZETH\Downloads\terminado.wav
	EndProjectSection
EndProject
Global
	GlobalSection(SolutionConfigurationPlatforms) = preSolution
		Debug|Any CPU = Debug|Any CPU
		Release|Any CPU = Release|Any CPU
	EndGlobalSection
	GlobalSection(ProjectConfigurationPlatforms) = postSolution
		{D37DE1F1-E947-4415-8D87-97978769EA63}.Debug|Any CPU.ActiveCfg = Debug|Any CPU
		{D37DE1F1-E947-4415-8D87-97978769EA63}.Debug|Any CPU.Build.0 = Debug|Any CPU
		{D37DE1F1-E947-4415-8D87-97978769EA63}.Release|Any CPU.ActiveCfg = Release|Any CPU
		{D37DE1F1-E947-4415-8D87-97978769EA63}.Release|Any CPU.Build.0 = Release|Any CPU
	EndGlobalSection
	GlobalSection(SolutionProperties) = preSolution
		HideSolutionNode = FALSE
	EndGlobalSection
	GlobalSection(ExtensibilityGlobals) = postSolution
		SolutionGuid = {AC74EDFE-F60E-4526-8E9C-BCB50AF1EBB8}
	EndGlobalSection
EndGlobal
