
Microsoft Visual Studio Solution File, Format Version 12.00
# Visual Studio Version 17
VisualStudioVersion = 17.8.34525.116
MinimumVisualStudioVersion = 10.0.40219.1
Project("{FAE04EC0-301F-11D3-BF4B-00C04F79EFBC}") = "Tllerpooejercicio3", "Tllerpooejercicio3\Tllerpooejercicio3.csproj", "{8ABD9A07-BE80-4201-9A34-829A15264D38}"
EndProject
Global
	GlobalSection(SolutionConfigurationPlatforms) = preSolution
		Debug|Any CPU = Debug|Any CPU
		Release|Any CPU = Release|Any CPU
	EndGlobalSection
	GlobalSection(ProjectConfigurationPlatforms) = postSolution
		{8ABD9A07-BE80-4201-9A34-829A15264D38}.Debug|Any CPU.ActiveCfg = Debug|Any CPU
		{8ABD9A07-BE80-4201-9A34-829A15264D38}.Debug|Any CPU.Build.0 = Debug|Any CPU
		{8ABD9A07-BE80-4201-9A34-829A15264D38}.Release|Any CPU.ActiveCfg = Release|Any CPU
		{8ABD9A07-BE80-4201-9A34-829A15264D38}.Release|Any CPU.Build.0 = Release|Any CPU
	EndGlobalSection
	GlobalSection(SolutionProperties) = preSolution
		HideSolutionNode = FALSE
	EndGlobalSection
	GlobalSection(ExtensibilityGlobals) = postSolution
		SolutionGuid = {15A77F9C-086A-4542-A67C-93611DBAFE3F}
	EndGlobalSection
EndGlobal
