
Microsoft Visual Studio Solution File, Format Version 12.00
# Visual Studio Version 17
VisualStudioVersion = 17.8.34525.116
MinimumVisualStudioVersion = 10.0.40219.1
Project("{FAE04EC0-301F-11D3-BF4B-00C04F79EFBC}") = "CondicionalesReto3", "CondicionalesReto3\CondicionalesReto3.csproj", "{46BB7109-E50D-499F-9EC5-36D589A813F6}"
EndProject
Global
	GlobalSection(SolutionConfigurationPlatforms) = preSolution
		Debug|Any CPU = Debug|Any CPU
		Release|Any CPU = Release|Any CPU
	EndGlobalSection
	GlobalSection(ProjectConfigurationPlatforms) = postSolution
		{46BB7109-E50D-499F-9EC5-36D589A813F6}.Debug|Any CPU.ActiveCfg = Debug|Any CPU
		{46BB7109-E50D-499F-9EC5-36D589A813F6}.Debug|Any CPU.Build.0 = Debug|Any CPU
		{46BB7109-E50D-499F-9EC5-36D589A813F6}.Release|Any CPU.ActiveCfg = Release|Any CPU
		{46BB7109-E50D-499F-9EC5-36D589A813F6}.Release|Any CPU.Build.0 = Release|Any CPU
	EndGlobalSection
	GlobalSection(SolutionProperties) = preSolution
		HideSolutionNode = FALSE
	EndGlobalSection
	GlobalSection(ExtensibilityGlobals) = postSolution
		SolutionGuid = {8F2C4F78-D6B4-407A-97E4-D9F0CA999106}
	EndGlobalSection
EndGlobal
